// !$*UTF8*$!
{
	archiveVersion = 1;
	classes = {
	};
	objectVersion = 46;
	objects = {

/* Begin PBXBuildFile section */
		10B13A9E1D3804D100E9BD4A /* AppDelegate.swift in Sources */ = {isa = PBXBuildFile; fileRef = 10B13A9D1D3804D100E9BD4A /* AppDelegate.swift */; };
		10B13AA01D3804D100E9BD4A /* ViewController.swift in Sources */ = {isa = PBXBuildFile; fileRef = 10B13A9F1D3804D100E9BD4A /* ViewController.swift */; };
		10B13AA31D3804D100E9BD4A /* Main.storyboard in Resources */ = {isa = PBXBuildFile; fileRef = 10B13AA11D3804D100E9BD4A /* Main.storyboard */; };
		10B13AA51D3804D100E9BD4A /* Assets.xcassets in Resources */ = {isa = PBXBuildFile; fileRef = 10B13AA41D3804D100E9BD4A /* Assets.xcassets */; };
		10B13AA81D3804D100E9BD4A /* LaunchScreen.storyboard in Resources */ = {isa = PBXBuildFile; fileRef = 10B13AA61D3804D100E9BD4A /* LaunchScreen.storyboard */; };
/* End PBXBuildFile section */

/* Begin PBXFileReference section */
		10B13A9A1D3804D100E9BD4A /* TilttoScroll.app */ = {isa = PBXFileReference; explicitFileType = wrapper.application; includeInIndex = 0; path = TilttoScroll.app; sourceTree = BUILT_PRODUCTS_DIR; };
		10B13A9D1D3804D100E9BD4A /* AppDelegate.swift */ = {isa = PBXFileReference; lastKnownFileType = sourcecode.swift; path = AppDelegate.swift; sourceTree = "<group>"; };
		10B13A9F1D3804D100E9BD4A /* ViewController.swift */ = {isa = PBXFileReference; lastKnownFileType = sourcecode.swift; path = ViewController.swift; sourceTree = "<group>"; };
		10B13AA21D3804D100E9BD4A /* Base */ = {isa = PBXFileReference; lastKnownFileType = file.storyboard; name = Base; path = Base.lproj/Main.storyboard; sourceTree = "<group>"; };
		10B13AA41D3804D100E9BD4A /* Assets.xcassets */ = {isa = PBXFileReference; lastKnownFileType = folder.assetcatalog; path = Assets.xcassets; sourceTree = "<group>"; };
		10B13AA71D3804D100E9BD4A /* Base */ = {isa = PBXFileReference; lastKnownFileType = file.storyboard; name = Base; path = Base.lproj/LaunchScreen.storyboard; sourceTree = "<group>"; };
		10B13AA91D3804D100E9BD4A /* Info.plist */ = {isa = PBXFileReference; lastKnownFileType = text.plist.xml; path = Info.plist; sourceTree = "<group>"; };
/* End PBXFileReference section */

/* Begin PBXFrameworksBuildPhase section */
		10B13A971D3804D100E9BD4A /* Frameworks */ = {
			isa = PBXFrameworksBuildPhase;
			buildActionMask = 2147483647;
			files = (
			);
			runOnlyForDeploymentPostprocessing = 0;
		};
/* End PBXFrameworksBuildPhase section */

/* Begin PBXGroup section */
		10B13A911D3804D100E9BD4A = {
			isa = PBXGroup;
			children = (
				10B13A9C1D3804D100E9BD4A /* TilttoScroll */,
				10B13A9B1D3804D100E9BD4A /* Products */,
			);
			sourceTree = "<group>";
		};
		10B13A9B1D3804D100E9BD4A /* Products */ = {
			isa = PBXGroup;
			children = (
				10B13A9A1D3804D100E9BD4A /* TilttoScroll.app */,
			);
			name = Products;
			sourceTree = "<group>";
		};
		10B13A9C1D3804D100E9BD4A /* TilttoScroll */ = {
			isa = PBXGroup;
			children = (
				10B13A9D1D3804D100E9BD4A /* AppDelegate.swift */,
				10B13A9F1D3804D100E9BD4A /* ViewController.swift */,
				10B13AA11D3804D100E9BD4A /* Main.storyboard */,
				10B13AA41D3804D100E9BD4A /* Assets.xcassets */,
				10B13AA61D3804D100E9BD4A /* LaunchScreen.storyboard */,
				10B13AA91D3804D100E9BD4A /* Info.plist */,
			);
			path = TilttoScroll;
			sourceTree = "<group>";
		};
/* End PBXGroup section */

/* Begin PBXNativeTarget section */
		10B13A991D3804D100E9BD4A /* TilttoScroll */ = {
			isa = PBXNativeTarget;
			buildConfigurationList = 10B13AAC1D3804D100E9BD4A /* Build configuration list for PBXNativeTarget "TilttoScroll" */;
			buildPhases = (
				10B13A961D3804D100E9BD4A /* Sources */,
				10B13A971D3804D100E9BD4A /* Frameworks */,
				10B13A981D3804D100E9BD4A /* Resources */,
			);
			buildRules = (
			);
			dependencies = (
			);
			name = TilttoScroll;
			productName = TilttoScroll;
			productReference = 10B13A9A1D3804D100E9BD4A /* TilttoScroll.app */;
			productType = "com.apple.product-type.application";
		};
/* End PBXNativeTarget section */

/* Begin PBXProject section */
		10B13A921D3804D100E9BD4A /* Project object */ = {
			isa = PBXProject;
			attributes = {
				LastSwiftUpdateCheck = 0730;
				LastUpgradeCheck = 0730;
				ORGANIZATIONNAME = "Efrain Ayllon";
				TargetAttributes = {
					10B13A991D3804D100E9BD4A = {
						CreatedOnToolsVersion = 7.3.1;
					};
				};
			};
			buildConfigurationList = 10B13A951D3804D100E9BD4A /* Build configuration list for PBXProject "TilttoScroll" */;
			compatibilityVersion = "Xcode 3.2";
			developmentRegion = English;
			hasScannedForEncodings = 0;
			knownRegions = (
				en,
				Base,
			);
			mainGroup = 10B13A911D3804D100E9BD4A;
			productRefGroup = 10B13A9B1D3804D100E9BD4A /* Products */;
			projectDirPath = "";
			projectRoot = "";
			targets = (
				10B13A991D3804D100E9BD4A /* TilttoScroll */,
			);
		};
/* End PBXProject section */

/* Begin PBXResourcesBuildPhase section */
		10B13A981D3804D100E9BD4A /* Resources */ = {
			isa = PBXResourcesBuildPhase;
			buildActionMask = 2147483647;
			files = (
				10B13AA81D3804D100E9BD4A /* LaunchScreen.storyboard in Resources */,
				10B13AA51D3804D100E9BD4A /* Assets.xcassets in Resources */,
				10B13AA31D3804D100E9BD4A /* Main.storyboard in Resources */,
			);
			runOnlyForDeploymentPostprocessing = 0;
		};
/* End PBXResourcesBuildPhase section */

/* Begin PBXSourcesBuildPhase section */
		10B13A961D3804D100E9BD4A /* Sources */ = {
			isa = PBXSourcesBuildPhase;
			buildActionMask = 2147483647;
			files = (
				10B13AA01D3804D100E9BD4A /* ViewController.swift in Sources */,
				10B13A9E1D3804D100E9BD4A /* AppDelegate.swift in Sources */,
			);
			runOnlyForDeploymentPostprocessing = 0;
		};
/* End PBXSourcesBuildPhase section */

/* Begin PBXVariantGroup section */
		10B13AA11D3804D100E9BD4A /* Main.storyboard */ = {
			isa = PBXVariantGroup;
			children = (
				10B13AA21D3804D100E9BD4A /* Base */,
			);
			name = Main.storyboard;
			sourceTree = "<group>";
		};
		10B13AA61D3804D100E9BD4A /* LaunchScreen.storyboard */ = {
			isa = PBXVariantGroup;
			children = (
				10B13AA71D3804D100E9BD4A /* Base */,
			);
			name = LaunchScreen.storyboard;
			sourceTree = "<group>";
		};
/* End PBXVariantGroup section */

/* Begin XCBuildConfiguration section */
		10B13AAA1D3804D100E9BD4A /* Debug */ = {
			isa = XCBuildConfiguration;
			buildSettings = {
				ALWAYS_SEARCH_USER_PATHS = NO;
				CLANG_ANALYZER_NONNULL = YES;
				CLANG_CXX_LANGUAGE_STANDARD = "gnu++0x";
				CLANG_CXX_LIBRARY = "libc++";
				CLANG_ENABLE_MODULES = YES;
				CLANG_ENABLE_OBJC_ARC = YES;
				CLANG_WARN_BOOL_CONVERSION = YES;
				CLANG_WARN_CONSTANT_CONVERSION = YES;
				CLANG_WARN_DIRECT_OBJC_ISA_USAGE = YES_ERROR;
				CLANG_WARN_EMPTY_BODY = YES;
				CLANG_WARN_ENUM_CONVERSION = YES;
				CLANG_WARN_INT_CONVERSION = YES;
				CLANG_WARN_OBJC_ROOT_CLASS = YES_ERROR;
				CLANG_WARN_UNREACHABLE_CODE = YES;
				CLANG_WARN__DUPLICATE_METHOD_MATCH = YES;
				"CODE_SIGN_IDENTITY[sdk=iphoneos*]" = "iPhone Developer";
				COPY_PHASE_STRIP = NO;
				DEBUG_INFORMATION_FORMAT = dwarf;
				ENABLE_STRICT_OBJC_MSGSEND = YES;
				ENABLE_TESTABILITY = YES;
				GCC_C_LANGUAGE_STANDARD = gnu99;
				GCC_DYNAMIC_NO_PIC = NO;
				GCC_NO_COMMON_BLOCKS = YES;
				GCC_OPTIMIZATION_LEVEL = 0;
				GCC_PREPROCESSOR_DEFINITIONS = (
					"DEBUG=1",
					"$(inherited)",
				);
				GCC_WARN_64_TO_32_BIT_CONVERSION = YES;
				GCC_WARN_ABOUT_RETURN_TYPE = YES_ERROR;
				GCC_WARN_UNDECLARED_SELECTOR = YES;
				GCC_WARN_UNINITIALIZED_AUTOS = YES_AGGRESSIVE;
				GCC_WARN_UNUSED_FUNCTION = YES;
				GCC_WARN_UNUSED_VARIABLE = YES;
				IPHONEOS_DEPLOYMENT_TARGET = 9.3;
				MTL_ENABLE_DEBUG_INFO = YES;
				ONLY_ACTIVE_ARCH = YES;
				SDKROOT = iphoneos;
				SWIFT_OPTIMIZATION_LEVEL = "-Onone";
				TARGETED_DEVICE_FAMILY = "1,2";
			};
			name = Debug;
		};
		10B13AAB1D3804D100E9BD4A /* Release */ = {
			isa = XCBuildConfiguration;
			buildSettings = {
				ALWAYS_SEARCH_USER_PATHS = NO;
				CLANG_ANALYZER_NONNULL = YES;
				CLANG_CXX_LANGUAGE_STANDARD = "gnu++0x";
				CLANG_CXX_LIBRARY = "libc++";
				CLANG_ENABLE_MODULES = YES;
				CLANG_ENABLE_OBJC_ARC = YES;
				CLANG_WARN_BOOL_CONVERSION = YES;
				CLANG_WARN_CONSTANT_CONVERSION = YES;
				CLANG_WARN_DIRECT_OBJC_ISA_USAGE = YES_ERROR;
				CLANG_WARN_EMPTY_BODY = YES;
				CLANG_WARN_ENUM_CONVERSION = YES;
				CLANG_WARN_INT_CONVERSION = YES;
				CLANG_WARN_OBJC_ROOT_CLASS = YES_ERROR;
				CLANG_WARN_UNREACHABLE_CODE = YES;
				CLANG_WARN__DUPLICATE_METHOD_MATCH = YES;
				"CODE_SIGN_IDENTITY[sdk=iphoneos*]" = "iPhone Developer";
				COPY_PHASE_STRIP = NO;
				DEBUG_INFORMATION_FORMAT = "dwarf-with-dsym";
				ENABLE_NS_ASSERTIONS = NO;
				ENABLE_STRICT_OBJC_MSGSEND = YES;
				GCC_C_LANGUAGE_STANDARD = gnu99;
				GCC_NO_COMMON_BLOCKS = YES;
				GCC_WARN_64_TO_32_BIT_CONVERSION = YES;
				GCC_WARN_ABOUT_RETURN_TYPE = YES_ERROR;
				GCC_WARN_UNDECLARED_SELECTOR = YES;
				GCC_WARN_UNINITIALIZED_AUTOS = YES_AGGRESSIVE;
				GCC_WARN_UNUSED_FUNCTION = YES;
				GCC_WARN_UNUSED_VARIABLE = YES;
				IPHONEOS_DEPLOYMENT_TARGET = 9.3;
				MTL_ENABLE_DEBUG_INFO = NO;
				SDKROOT = iphoneos;
				TARGETED_DEVICE_FAMILY = "1,2";
				VALIDATE_PRODUCT = YES;
			};
			name = Release;
		};
		10B13AAD1D3804D100E9BD4A /* Debug */ = {
			isa = XCBuildConfiguration;
			buildSettings = {
				ASSETCATALOG_COMPILER_APPICON_NAME = AppIcon;
				INFOPLIST_FILE = TilttoScroll/Info.plist;
				LD_RUNPATH_SEARCH_PATHS = "$(inherited) @executable_path/Frameworks";
				PRODUCT_BUNDLE_IDENTIFIER = com.earoa.TilttoScroll;
				PRODUCT_NAME = "$(TARGET_NAME)";
			};
			name = Debug;
		};
		10B13AAE1D3804D100E9BD4A /* Release */ = {
			isa = XCBuildConfiguration;
			buildSettings = {
				ASSETCATALOG_COMPILER_APPICON_NAME = AppIcon;
				INFOPLIST_FILE = TilttoScroll/Info.plist;
				LD_RUNPATH_SEARCH_PATHS = "$(inherited) @executable_path/Frameworks";
				PRODUCT_BUNDLE_IDENTIFIER = com.earoa.TilttoScroll;
				PRODUCT_NAME = "$(TARGET_NAME)";
			};
			name = Release;
		};
/* End XCBuildConfiguration section */

/* Begin XCConfigurationList section */
		10B13A951D3804D100E9BD4A /* Build configuration list for PBXProject "TilttoScroll" */ = {
			isa = XCConfigurationList;
			buildConfigurations = (
				10B13AAA1D3804D100E9BD4A /* Debug */,
				10B13AAB1D3804D100E9BD4A /* Release */,
			);
			defaultConfigurationIsVisible = 0;
			defaultConfigurationName = Release;
		};
		10B13AAC1D3804D100E9BD4A /* Build configuration list for PBXNativeTarget "TilttoScroll" */ = {
			isa = XCConfigurationList;
			buildConfigurations = (
				10B13AAD1D3804D100E9BD4A /* Debug */,
				10B13AAE1D3804D100E9BD4A /* Release */,
			);
			defaultConfigurationIsVisible = 0;
		};
/* End XCConfigurationList section */
	};
	rootObject = 10B13A921D3804D100E9BD4A /* Project object */;
}
